
Microsoft Visual Studio Solution File, Format Version 12.00
# Visual Studio Version 16
VisualStudioVersion = 16.0.31702.278
MinimumVisualStudioVersion = 10.0.40219.1
Project("{FAE04EC0-301F-11D3-BF4B-00C04F79EFBC}") = "F5Orchestrator", "F5Orchestrator.csproj", "{486CAB55-0B7E-47D8-B304-57E7D02F6471}"
EndProject
Global
	GlobalSection(SolutionConfigurationPlatforms) = preSolution
		Debug|Any CPU = Debug|Any CPU
		Release|Any CPU = Release|Any CPU
	EndGlobalSection
	GlobalSection(ProjectConfigurationPlatforms) = postSolution
		{486CAB55-0B7E-47D8-B304-57E7D02F6471}.Debug|Any CPU.ActiveCfg = Debug|Any CPU
		{486CAB55-0B7E-47D8-B304-57E7D02F6471}.Debug|Any CPU.Build.0 = Debug|Any CPU
		{486CAB55-0B7E-47D8-B304-57E7D02F6471}.Release|Any CPU.ActiveCfg = Release|Any CPU
		{486CAB55-0B7E-47D8-B304-57E7D02F6471}.Release|Any CPU.Build.0 = Release|Any CPU
	EndGlobalSection
	GlobalSection(SolutionProperties) = preSolution
		HideSolutionNode = FALSE
	EndGlobalSection
	GlobalSection(ExtensibilityGlobals) = postSolution
		SolutionGuid = {329DC722-741E-4497-B8DC-53F61891D552}
	EndGlobalSection
EndGlobal
